dependencies:
  idf:
    source:
      type: idf
    version: 6.0.0
  nushackers/aw9523:
    dependencies:
    - name: idf
      version: '>=4.1.0'
    source:
      path: /Users/ibarahime/dev/wayside/firmware/components/aw9523
      type: local
    version: 0.0.3
direct_dependencies:
- idf
- nushackers/aw9523
manifest_hash: acfae7535561ad0024bc7e070dcec2c0011b7dbb2bef21c465c9f9185ea12927
target: esp32c3
version: 2.0.0
